
Microsoft Visual Studio Solution File, Format Version 12.00
# Visual Studio Version 17
VisualStudioVersion = 17.0.31903.59
MinimumVisualStudioVersion = 10.0.40219.1
Project("{FAE04EC0-301F-11D3-BF4B-00C04F79EFBC}") = "ApiGateway", "ApiGateway\ApiGateway.csproj", "{FB8B4C04-7C2E-4E22-8EE9-D1F3FD5475E8}"
EndProject
Project("{2150E333-8FDC-42A3-9474-1A3956D46DE8}") = "src", "src", "{52235AE4-0779-4FC4-AFF3-4302B386413C}"
EndProject
Project("{2150E333-8FDC-42A3-9474-1A3956D46DE8}") = "Services", "Services", "{9116EBCA-1082-4D65-BEA7-FF9BB84D80AA}"
EndProject
Project("{2150E333-8FDC-42A3-9474-1A3956D46DE8}") = "TenantService", "TenantService", "{A4E6EB8B-7FF3-451F-9C7E-A0F85200D406}"
EndProject
Project("{FAE04EC0-301F-11D3-BF4B-00C04F79EFBC}") = "TenantService.API", "src\Services\TenantService\TenantService.API\TenantService.API.csproj", "{1520A534-DA4E-4136-8E38-DBC0C4EC6343}"
EndProject
Project("{2150E333-8FDC-42A3-9474-1A3956D46DE8}") = "BillingService", "BillingService", "{76AD70E3-6F16-4179-A143-EF4B6EDAFC6C}"
EndProject
Project("{FAE04EC0-301F-11D3-BF4B-00C04F79EFBC}") = "BillingService.API", "src\Services\BillingService\BillingService.API\BillingService.API.csproj", "{E4B28B27-0910-4DE3-9665-B29580C48885}"
EndProject
Project("{2150E333-8FDC-42A3-9474-1A3956D46DE8}") = "AnalyticsService", "AnalyticsService", "{8BFC6D6B-D63B-4AB2-9441-F39771050732}"
EndProject
Project("{FAE04EC0-301F-11D3-BF4B-00C04F79EFBC}") = "AnalyticsService.API", "src\Services\AnalyticsService\AnalyticsService.API\AnalyticsService.API.csproj", "{BBAEB28E-92AD-43B4-8F79-C9487305DE53}"
EndProject
Project("{2150E333-8FDC-42A3-9474-1A3956D46DE8}") = "AuthService", "AuthService", "{BB2FF371-76BD-4866-8A5A-614650993B9F}"
EndProject
Project("{FAE04EC0-301F-11D3-BF4B-00C04F79EFBC}") = "AuthService.API", "src\Services\AuthService\AuthService.API\AuthService.API.csproj", "{26C93773-5223-45A3-B943-1361311DFE55}"
EndProject
Project("{2150E333-8FDC-42A3-9474-1A3956D46DE8}") = "BillingOpsService", "BillingOpsService", "{07512206-2439-46A2-996E-6E53DA013233}"
EndProject
Project("{FAE04EC0-301F-11D3-BF4B-00C04F79EFBC}") = "BillingOpsService.API", "src\Services\BillingOpsService\BillingOpsService.API\BillingOpsService.API.csproj", "{C8A18EF0-40BC-48B0-94F8-7EED5F2FEDF8}"
EndProject
Project("{2150E333-8FDC-42A3-9474-1A3956D46DE8}") = "InventoryService", "InventoryService", "{EF37C87B-F957-4C74-8430-86045B196EDA}"
EndProject
Project("{FAE04EC0-301F-11D3-BF4B-00C04F79EFBC}") = "InventoryService.API", "src\Services\InventoryService\InventoryService.API\InventoryService.API.csproj", "{5CE1ACAE-14EA-42CD-8FF0-B59B9DEDBF63}"
EndProject
Project("{2150E333-8FDC-42A3-9474-1A3956D46DE8}") = "MenuService", "MenuService", "{BB08601D-44BE-4298-9D1B-02E03E536AD9}"
EndProject
Project("{FAE04EC0-301F-11D3-BF4B-00C04F79EFBC}") = "MenuService.API", "src\Services\MenuService\MenuService.API\MenuService.API.csproj", "{BCDE1B95-C6B6-426A-A9ED-AEC2B04B917D}"
EndProject
Project("{2150E333-8FDC-42A3-9474-1A3956D46DE8}") = "NotificationService", "NotificationService", "{14469AEE-365D-4D34-8E5B-F342DD8236B3}"
EndProject
Project("{FAE04EC0-301F-11D3-BF4B-00C04F79EFBC}") = "NotificationService.API", "src\Services\NotificationService\NotificationService.API\NotificationService.API.csproj", "{0B0470A2-B2D1-4100-87E1-AA87487FD0BA}"
EndProject
Project("{2150E333-8FDC-42A3-9474-1A3956D46DE8}") = "OrderService", "OrderService", "{6DCB6199-6AFF-4927-8FB9-066141B2AC41}"
EndProject
Project("{FAE04EC0-301F-11D3-BF4B-00C04F79EFBC}") = "OrderService.API", "src\Services\OrderService\OrderService.API\OrderService.API.csproj", "{43C6E325-C919-47D2-8806-BC31DBEB442E}"
EndProject
Project("{2150E333-8FDC-42A3-9474-1A3956D46DE8}") = "RestaurantService", "RestaurantService", "{84721251-6014-4F57-816A-14DF1708B07A}"
EndProject
Project("{FAE04EC0-301F-11D3-BF4B-00C04F79EFBC}") = "RestaurantService.API", "src\Services\RestaurantService\RestaurantService.API\RestaurantService.API.csproj", "{B25FE267-9F48-4B2A-9654-23392A1B506E}"
EndProject
Project("{2150E333-8FDC-42A3-9474-1A3956D46DE8}") = "SharedKernel", "SharedKernel", "{CBF26421-237A-40B9-B8D3-53A4E26B59BF}"
EndProject
Project("{FAE04EC0-301F-11D3-BF4B-00C04F79EFBC}") = "SharedKernel.lib", "src\Services\SharedKernel\SharedKernel.lib\SharedKernel.lib.csproj", "{ACFB5119-46F0-4FA6-8B84-3785214C62EE}"
EndProject
Global
	GlobalSection(SolutionConfigurationPlatforms) = preSolution
		Debug|Any CPU = Debug|Any CPU
		Release|Any CPU = Release|Any CPU
	EndGlobalSection
	GlobalSection(SolutionProperties) = preSolution
		HideSolutionNode = FALSE
	EndGlobalSection
	GlobalSection(ProjectConfigurationPlatforms) = postSolution
		{FB8B4C04-7C2E-4E22-8EE9-D1F3FD5475E8}.Debug|Any CPU.ActiveCfg = Debug|Any CPU
		{FB8B4C04-7C2E-4E22-8EE9-D1F3FD5475E8}.Debug|Any CPU.Build.0 = Debug|Any CPU
		{FB8B4C04-7C2E-4E22-8EE9-D1F3FD5475E8}.Release|Any CPU.ActiveCfg = Release|Any CPU
		{FB8B4C04-7C2E-4E22-8EE9-D1F3FD5475E8}.Release|Any CPU.Build.0 = Release|Any CPU
		{1520A534-DA4E-4136-8E38-DBC0C4EC6343}.Debug|Any CPU.ActiveCfg = Debug|Any CPU
		{1520A534-DA4E-4136-8E38-DBC0C4EC6343}.Debug|Any CPU.Build.0 = Debug|Any CPU
		{1520A534-DA4E-4136-8E38-DBC0C4EC6343}.Release|Any CPU.ActiveCfg = Release|Any CPU
		{1520A534-DA4E-4136-8E38-DBC0C4EC6343}.Release|Any CPU.Build.0 = Release|Any CPU
		{E4B28B27-0910-4DE3-9665-B29580C48885}.Debug|Any CPU.ActiveCfg = Debug|Any CPU
		{E4B28B27-0910-4DE3-9665-B29580C48885}.Debug|Any CPU.Build.0 = Debug|Any CPU
		{E4B28B27-0910-4DE3-9665-B29580C48885}.Release|Any CPU.ActiveCfg = Release|Any CPU
		{E4B28B27-0910-4DE3-9665-B29580C48885}.Release|Any CPU.Build.0 = Release|Any CPU
		{BBAEB28E-92AD-43B4-8F79-C9487305DE53}.Debug|Any CPU.ActiveCfg = Debug|Any CPU
		{BBAEB28E-92AD-43B4-8F79-C9487305DE53}.Debug|Any CPU.Build.0 = Debug|Any CPU
		{BBAEB28E-92AD-43B4-8F79-C9487305DE53}.Release|Any CPU.ActiveCfg = Release|Any CPU
		{BBAEB28E-92AD-43B4-8F79-C9487305DE53}.Release|Any CPU.Build.0 = Release|Any CPU
		{26C93773-5223-45A3-B943-1361311DFE55}.Debug|Any CPU.ActiveCfg = Debug|Any CPU
		{26C93773-5223-45A3-B943-1361311DFE55}.Debug|Any CPU.Build.0 = Debug|Any CPU
		{26C93773-5223-45A3-B943-1361311DFE55}.Release|Any CPU.ActiveCfg = Release|Any CPU
		{26C93773-5223-45A3-B943-1361311DFE55}.Release|Any CPU.Build.0 = Release|Any CPU
		{C8A18EF0-40BC-48B0-94F8-7EED5F2FEDF8}.Debug|Any CPU.ActiveCfg = Debug|Any CPU
		{C8A18EF0-40BC-48B0-94F8-7EED5F2FEDF8}.Debug|Any CPU.Build.0 = Debug|Any CPU
		{C8A18EF0-40BC-48B0-94F8-7EED5F2FEDF8}.Release|Any CPU.ActiveCfg = Release|Any CPU
		{C8A18EF0-40BC-48B0-94F8-7EED5F2FEDF8}.Release|Any CPU.Build.0 = Release|Any CPU
		{5CE1ACAE-14EA-42CD-8FF0-B59B9DEDBF63}.Debug|Any CPU.ActiveCfg = Debug|Any CPU
		{5CE1ACAE-14EA-42CD-8FF0-B59B9DEDBF63}.Debug|Any CPU.Build.0 = Debug|Any CPU
		{5CE1ACAE-14EA-42CD-8FF0-B59B9DEDBF63}.Release|Any CPU.ActiveCfg = Release|Any CPU
		{5CE1ACAE-14EA-42CD-8FF0-B59B9DEDBF63}.Release|Any CPU.Build.0 = Release|Any CPU
		{BCDE1B95-C6B6-426A-A9ED-AEC2B04B917D}.Debug|Any CPU.ActiveCfg = Debug|Any CPU
		{BCDE1B95-C6B6-426A-A9ED-AEC2B04B917D}.Debug|Any CPU.Build.0 = Debug|Any CPU
		{BCDE1B95-C6B6-426A-A9ED-AEC2B04B917D}.Release|Any CPU.ActiveCfg = Release|Any CPU
		{BCDE1B95-C6B6-426A-A9ED-AEC2B04B917D}.Release|Any CPU.Build.0 = Release|Any CPU
		{0B0470A2-B2D1-4100-87E1-AA87487FD0BA}.Debug|Any CPU.ActiveCfg = Debug|Any CPU
		{0B0470A2-B2D1-4100-87E1-AA87487FD0BA}.Debug|Any CPU.Build.0 = Debug|Any CPU
		{0B0470A2-B2D1-4100-87E1-AA87487FD0BA}.Release|Any CPU.ActiveCfg = Release|Any CPU
		{0B0470A2-B2D1-4100-87E1-AA87487FD0BA}.Release|Any CPU.Build.0 = Release|Any CPU
		{43C6E325-C919-47D2-8806-BC31DBEB442E}.Debug|Any CPU.ActiveCfg = Debug|Any CPU
		{43C6E325-C919-47D2-8806-BC31DBEB442E}.Debug|Any CPU.Build.0 = Debug|Any CPU
		{43C6E325-C919-47D2-8806-BC31DBEB442E}.Release|Any CPU.ActiveCfg = Release|Any CPU
		{43C6E325-C919-47D2-8806-BC31DBEB442E}.Release|Any CPU.Build.0 = Release|Any CPU
		{B25FE267-9F48-4B2A-9654-23392A1B506E}.Debug|Any CPU.ActiveCfg = Debug|Any CPU
		{B25FE267-9F48-4B2A-9654-23392A1B506E}.Debug|Any CPU.Build.0 = Debug|Any CPU
		{B25FE267-9F48-4B2A-9654-23392A1B506E}.Release|Any CPU.ActiveCfg = Release|Any CPU
		{B25FE267-9F48-4B2A-9654-23392A1B506E}.Release|Any CPU.Build.0 = Release|Any CPU
		{ACFB5119-46F0-4FA6-8B84-3785214C62EE}.Debug|Any CPU.ActiveCfg = Debug|Any CPU
		{ACFB5119-46F0-4FA6-8B84-3785214C62EE}.Debug|Any CPU.Build.0 = Debug|Any CPU
		{ACFB5119-46F0-4FA6-8B84-3785214C62EE}.Release|Any CPU.ActiveCfg = Release|Any CPU
		{ACFB5119-46F0-4FA6-8B84-3785214C62EE}.Release|Any CPU.Build.0 = Release|Any CPU
	EndGlobalSection
	GlobalSection(NestedProjects) = preSolution
		{9116EBCA-1082-4D65-BEA7-FF9BB84D80AA} = {52235AE4-0779-4FC4-AFF3-4302B386413C}
		{A4E6EB8B-7FF3-451F-9C7E-A0F85200D406} = {9116EBCA-1082-4D65-BEA7-FF9BB84D80AA}
		{1520A534-DA4E-4136-8E38-DBC0C4EC6343} = {A4E6EB8B-7FF3-451F-9C7E-A0F85200D406}
		{76AD70E3-6F16-4179-A143-EF4B6EDAFC6C} = {9116EBCA-1082-4D65-BEA7-FF9BB84D80AA}
		{E4B28B27-0910-4DE3-9665-B29580C48885} = {76AD70E3-6F16-4179-A143-EF4B6EDAFC6C}
		{8BFC6D6B-D63B-4AB2-9441-F39771050732} = {9116EBCA-1082-4D65-BEA7-FF9BB84D80AA}
		{BBAEB28E-92AD-43B4-8F79-C9487305DE53} = {8BFC6D6B-D63B-4AB2-9441-F39771050732}
		{BB2FF371-76BD-4866-8A5A-614650993B9F} = {9116EBCA-1082-4D65-BEA7-FF9BB84D80AA}
		{26C93773-5223-45A3-B943-1361311DFE55} = {BB2FF371-76BD-4866-8A5A-614650993B9F}
		{07512206-2439-46A2-996E-6E53DA013233} = {9116EBCA-1082-4D65-BEA7-FF9BB84D80AA}
		{C8A18EF0-40BC-48B0-94F8-7EED5F2FEDF8} = {07512206-2439-46A2-996E-6E53DA013233}
		{EF37C87B-F957-4C74-8430-86045B196EDA} = {9116EBCA-1082-4D65-BEA7-FF9BB84D80AA}
		{5CE1ACAE-14EA-42CD-8FF0-B59B9DEDBF63} = {EF37C87B-F957-4C74-8430-86045B196EDA}
		{BB08601D-44BE-4298-9D1B-02E03E536AD9} = {9116EBCA-1082-4D65-BEA7-FF9BB84D80AA}
		{BCDE1B95-C6B6-426A-A9ED-AEC2B04B917D} = {BB08601D-44BE-4298-9D1B-02E03E536AD9}
		{14469AEE-365D-4D34-8E5B-F342DD8236B3} = {9116EBCA-1082-4D65-BEA7-FF9BB84D80AA}
		{0B0470A2-B2D1-4100-87E1-AA87487FD0BA} = {14469AEE-365D-4D34-8E5B-F342DD8236B3}
		{6DCB6199-6AFF-4927-8FB9-066141B2AC41} = {9116EBCA-1082-4D65-BEA7-FF9BB84D80AA}
		{43C6E325-C919-47D2-8806-BC31DBEB442E} = {6DCB6199-6AFF-4927-8FB9-066141B2AC41}
		{84721251-6014-4F57-816A-14DF1708B07A} = {9116EBCA-1082-4D65-BEA7-FF9BB84D80AA}
		{B25FE267-9F48-4B2A-9654-23392A1B506E} = {84721251-6014-4F57-816A-14DF1708B07A}
		{CBF26421-237A-40B9-B8D3-53A4E26B59BF} = {9116EBCA-1082-4D65-BEA7-FF9BB84D80AA}
		{ACFB5119-46F0-4FA6-8B84-3785214C62EE} = {CBF26421-237A-40B9-B8D3-53A4E26B59BF}
	EndGlobalSection
EndGlobal
